
Microsoft Visual Studio Solution File, Format Version 12.00
# Visual Studio Version 17
VisualStudioVersion = 17.0.31903.59
MinimumVisualStudioVersion = 10.0.40219.1
Project("{FAE04EC0-301F-11D3-BF4B-00C04F79EFBC}") = "TestApp", "TestApp\TestApp.csproj", "{DB19C5BD-D0BB-4D50-9EC7-3ABE3D173CDF}"
EndProject
Global
	GlobalSection(SolutionConfigurationPlatforms) = preSolution
		Debug|Any CPU = Debug|Any CPU
		Release|Any CPU = Release|Any CPU
	EndGlobalSection
	GlobalSection(ProjectConfigurationPlatforms) = postSolution
		{DB19C5BD-D0BB-4D50-9EC7-3ABE3D173CDF}.Debug|Any CPU.ActiveCfg = Debug|Any CPU
		{DB19C5BD-D0BB-4D50-9EC7-3ABE3D173CDF}.Debug|Any CPU.Build.0 = Debug|Any CPU
		{DB19C5BD-D0BB-4D50-9EC7-3ABE3D173CDF}.Release|Any CPU.ActiveCfg = Release|Any CPU
		{DB19C5BD-D0BB-4D50-9EC7-3ABE3D173CDF}.Release|Any CPU.Build.0 = Release|Any CPU
	EndGlobalSection
	GlobalSection(SolutionProperties) = preSolution
		HideSolutionNode = FALSE
	EndGlobalSection
	GlobalSection(ExtensibilityGlobals) = postSolution
		SolutionGuid = {DBB88820-4713-4FD6-9283-8444937A3C4F}
	EndGlobalSection
EndGlobal
